
Microsoft Visual Studio Solution File, Format Version 12.00
# Visual Studio 14
VisualStudioVersion = 14.0.25420.1
MinimumVisualStudioVersion = 10.0.40219.1
Project("{FAE04EC0-301F-11D3-BF4B-00C04F79EFBC}") = "Task01", "Task01\Task01.csproj", "{1691F060-01F7-4250-A62E-95AB14B7280F}"
EndProject
Project("{FAE04EC0-301F-11D3-BF4B-00C04F79EFBC}") = "Task02", "Task02\Task02.csproj", "{F00DB293-724B-457B-8D16-C8C023B583F0}"
EndProject
Project("{FAE04EC0-301F-11D3-BF4B-00C04F79EFBC}") = "Task03", "Task03\Task03.csproj", "{F6B26D44-F075-40C4-A9E0-54F94A24260E}"
EndProject
Global
	GlobalSection(SolutionConfigurationPlatforms) = preSolution
		Debug|Any CPU = Debug|Any CPU
		Release|Any CPU = Release|Any CPU
	EndGlobalSection
	GlobalSection(ProjectConfigurationPlatforms) = postSolution
		{1691F060-01F7-4250-A62E-95AB14B7280F}.Debug|Any CPU.ActiveCfg = Debug|Any CPU
		{1691F060-01F7-4250-A62E-95AB14B7280F}.Debug|Any CPU.Build.0 = Debug|Any CPU
		{1691F060-01F7-4250-A62E-95AB14B7280F}.Release|Any CPU.ActiveCfg = Release|Any CPU
		{1691F060-01F7-4250-A62E-95AB14B7280F}.Release|Any CPU.Build.0 = Release|Any CPU
		{F00DB293-724B-457B-8D16-C8C023B583F0}.Debug|Any CPU.ActiveCfg = Debug|Any CPU
		{F00DB293-724B-457B-8D16-C8C023B583F0}.Debug|Any CPU.Build.0 = Debug|Any CPU
		{F00DB293-724B-457B-8D16-C8C023B583F0}.Release|Any CPU.ActiveCfg = Release|Any CPU
		{F00DB293-724B-457B-8D16-C8C023B583F0}.Release|Any CPU.Build.0 = Release|Any CPU
		{F6B26D44-F075-40C4-A9E0-54F94A24260E}.Debug|Any CPU.ActiveCfg = Debug|Any CPU
		{F6B26D44-F075-40C4-A9E0-54F94A24260E}.Debug|Any CPU.Build.0 = Debug|Any CPU
		{F6B26D44-F075-40C4-A9E0-54F94A24260E}.Release|Any CPU.ActiveCfg = Release|Any CPU
		{F6B26D44-F075-40C4-A9E0-54F94A24260E}.Release|Any CPU.Build.0 = Release|Any CPU
	EndGlobalSection
	GlobalSection(SolutionProperties) = preSolution
		HideSolutionNode = FALSE
	EndGlobalSection
EndGlobal
